
Microsoft Visual Studio Solution File, Format Version 12.00
# Visual Studio Version 17
VisualStudioVersion = 17.9.34723.18
MinimumVisualStudioVersion = 10.0.40219.1
Project("{9A19103F-16F7-4668-BE54-9A1E7A4F7556}") = "LineNotify", "LineNotify\LineNotify.csproj", "{DF002A4F-F8DB-47DE-9576-41FC4AFB4F15}"
EndProject
Project("{9A19103F-16F7-4668-BE54-9A1E7A4F7556}") = "LineNotify.Tests", "LineNotify.Tests\LineNotify.Tests.csproj", "{044193FB-B1B1-4D3C-9043-CAD49E1E21B8}"
EndProject
Project("{FAE04EC0-301F-11D3-BF4B-00C04F79EFBC}") = "LineNotify.Tests.Web", "LineNotify.Tests.Web\LineNotify.Tests.Web.csproj", "{27B73FE4-97B4-4001-A758-998014537764}"
EndProject
Global
	GlobalSection(SolutionConfigurationPlatforms) = preSolution
		Debug|Any CPU = Debug|Any CPU
		Release|Any CPU = Release|Any CPU
	EndGlobalSection
	GlobalSection(ProjectConfigurationPlatforms) = postSolution
		{DF002A4F-F8DB-47DE-9576-41FC4AFB4F15}.Debug|Any CPU.ActiveCfg = Debug|Any CPU
		{DF002A4F-F8DB-47DE-9576-41FC4AFB4F15}.Debug|Any CPU.Build.0 = Debug|Any CPU
		{DF002A4F-F8DB-47DE-9576-41FC4AFB4F15}.Release|Any CPU.ActiveCfg = Release|Any CPU
		{DF002A4F-F8DB-47DE-9576-41FC4AFB4F15}.Release|Any CPU.Build.0 = Release|Any CPU
		{044193FB-B1B1-4D3C-9043-CAD49E1E21B8}.Debug|Any CPU.ActiveCfg = Debug|Any CPU
		{044193FB-B1B1-4D3C-9043-CAD49E1E21B8}.Debug|Any CPU.Build.0 = Debug|Any CPU
		{044193FB-B1B1-4D3C-9043-CAD49E1E21B8}.Release|Any CPU.ActiveCfg = Release|Any CPU
		{044193FB-B1B1-4D3C-9043-CAD49E1E21B8}.Release|Any CPU.Build.0 = Release|Any CPU
		{27B73FE4-97B4-4001-A758-998014537764}.Debug|Any CPU.ActiveCfg = Debug|Any CPU
		{27B73FE4-97B4-4001-A758-998014537764}.Debug|Any CPU.Build.0 = Debug|Any CPU
		{27B73FE4-97B4-4001-A758-998014537764}.Release|Any CPU.ActiveCfg = Release|Any CPU
		{27B73FE4-97B4-4001-A758-998014537764}.Release|Any CPU.Build.0 = Release|Any CPU
	EndGlobalSection
	GlobalSection(SolutionProperties) = preSolution
		HideSolutionNode = FALSE
	EndGlobalSection
	GlobalSection(ExtensibilityGlobals) = postSolution
		SolutionGuid = {EAEDB0DB-CA73-4A13-9408-30B6C95CFBF9}
	EndGlobalSection
EndGlobal
